// !$*UTF8*$!
{
	archiveVersion = 1;
	classes = {
	};
	objectVersion = 50;
	objects = {

/* Begin PBXBuildFile section */
		86DA3C7026010AC2006166E4 /* AppDelegate.swift in Sources */ = {isa = PBXBuildFile; fileRef = 86DA3C6F26010AC2006166E4 /* AppDelegate.swift */; };
		86DA3C7226010AC2006166E4 /* SceneDelegate.swift in Sources */ = {isa = PBXBuildFile; fileRef = 86DA3C7126010AC2006166E4 /* SceneDelegate.swift */; };
		86DA3C7426010AC2006166E4 /* ViewController.swift in Sources */ = {isa = PBXBuildFile; fileRef = 86DA3C7326010AC2006166E4 /* ViewController.swift */; };
		86DA3C7726010AC2006166E4 /* Main.storyboard in Resources */ = {isa = PBXBuildFile; fileRef = 86DA3C7526010AC2006166E4 /* Main.storyboard */; };
		86DA3C7926010AC6006166E4 /* Assets.xcassets in Resources */ = {isa = PBXBuildFile; fileRef = 86DA3C7826010AC6006166E4 /* Assets.xcassets */; };
		86DA3C7C26010AC6006166E4 /* LaunchScreen.storyboard in Resources */ = {isa = PBXBuildFile; fileRef = 86DA3C7A26010AC6006166E4 /* LaunchScreen.storyboard */; };
		86DA3C8726010AC6006166E4 /* NewsAppTests.swift in Sources */ = {isa = PBXBuildFile; fileRef = 86DA3C8626010AC6006166E4 /* NewsAppTests.swift */; };
		86DA3C9226010AC6006166E4 /* NewsAppUITests.swift in Sources */ = {isa = PBXBuildFile; fileRef = 86DA3C9126010AC6006166E4 /* NewsAppUITests.swift */; };
/* End PBXBuildFile section */

/* Begin PBXContainerItemProxy section */
		86DA3C8326010AC6006166E4 /* PBXContainerItemProxy */ = {
			isa = PBXContainerItemProxy;
			containerPortal = 86DA3C6426010AC2006166E4 /* Project object */;
			proxyType = 1;
			remoteGlobalIDString = 86DA3C6B26010AC2006166E4;
			remoteInfo = NewsApp;
		};
		86DA3C8E26010AC6006166E4 /* PBXContainerItemProxy */ = {
			isa = PBXContainerItemProxy;
			containerPortal = 86DA3C6426010AC2006166E4 /* Project object */;
			proxyType = 1;
			remoteGlobalIDString = 86DA3C6B26010AC2006166E4;
			remoteInfo = NewsApp;
		};
/* End PBXContainerItemProxy section */

/* Begin PBXFileReference section */
		86DA3C6C26010AC2006166E4 /* NewsApp.app */ = {isa = PBXFileReference; explicitFileType = wrapper.application; includeInIndex = 0; path = NewsApp.app; sourceTree = BUILT_PRODUCTS_DIR; };
		86DA3C6F26010AC2006166E4 /* AppDelegate.swift */ = {isa = PBXFileReference; lastKnownFileType = sourcecode.swift; path = AppDelegate.swift; sourceTree = "<group>"; };
		86DA3C7126010AC2006166E4 /* SceneDelegate.swift */ = {isa = PBXFileReference; lastKnownFileType = sourcecode.swift; path = SceneDelegate.swift; sourceTree = "<group>"; };
		86DA3C7326010AC2006166E4 /* ViewController.swift */ = {isa = PBXFileReference; lastKnownFileType = sourcecode.swift; path = ViewController.swift; sourceTree = "<group>"; };
		86DA3C7626010AC2006166E4 /* Base */ = {isa = PBXFileReference; lastKnownFileType = file.storyboard; name = Base; path = Base.lproj/Main.storyboard; sourceTree = "<group>"; };
		86DA3C7826010AC6006166E4 /* Assets.xcassets */ = {isa = PBXFileReference; lastKnownFileType = folder.assetcatalog; path = Assets.xcassets; sourceTree = "<group>"; };
		86DA3C7B26010AC6006166E4 /* Base */ = {isa = PBXFileReference; lastKnownFileType = file.storyboard; name = Base; path = Base.lproj/LaunchScreen.storyboard; sourceTree = "<group>"; };
		86DA3C7D26010AC6006166E4 /* Info.plist */ = {isa = PBXFileReference; lastKnownFileType = text.plist.xml; path = Info.plist; sourceTree = "<group>"; };
		86DA3C8226010AC6006166E4 /* NewsAppTests.xctest */ = {isa = PBXFileReference; explicitFileType = wrapper.cfbundle; includeInIndex = 0; path = NewsAppTests.xctest; sourceTree = BUILT_PRODUCTS_DIR; };
		86DA3C8626010AC6006166E4 /* NewsAppTests.swift */ = {isa = PBXFileReference; lastKnownFileType = sourcecode.swift; path = NewsAppTests.swift; sourceTree = "<group>"; };
		86DA3C8826010AC6006166E4 /* Info.plist */ = {isa = PBXFileReference; lastKnownFileType = text.plist.xml; path = Info.plist; sourceTree = "<group>"; };
		86DA3C8D26010AC6006166E4 /* NewsAppUITests.xctest */ = {isa = PBXFileReference; explicitFileType = wrapper.cfbundle; includeInIndex = 0; path = NewsAppUITests.xctest; sourceTree = BUILT_PRODUCTS_DIR; };
		86DA3C9126010AC6006166E4 /* NewsAppUITests.swift */ = {isa = PBXFileReference; lastKnownFileType = sourcecode.swift; path = NewsAppUITests.swift; sourceTree = "<group>"; };
		86DA3C9326010AC6006166E4 /* Info.plist */ = {isa = PBXFileReference; lastKnownFileType = text.plist.xml; path = Info.plist; sourceTree = "<group>"; };
/* End PBXFileReference section */

/* Begin PBXFrameworksBuildPhase section */
		86DA3C6926010AC2006166E4 /* Frameworks */ = {
			isa = PBXFrameworksBuildPhase;
			buildActionMask = 2147483647;
			files = (
			);
			runOnlyForDeploymentPostprocessing = 0;
		};
		86DA3C7F26010AC6006166E4 /* Frameworks */ = {
			isa = PBXFrameworksBuildPhase;
			buildActionMask = 2147483647;
			files = (
			);
			runOnlyForDeploymentPostprocessing = 0;
		};
		86DA3C8A26010AC6006166E4 /* Frameworks */ = {
			isa = PBXFrameworksBuildPhase;
			buildActionMask = 2147483647;
			files = (
			);
			runOnlyForDeploymentPostprocessing = 0;
		};
/* End PBXFrameworksBuildPhase section */

/* Begin PBXGroup section */
		86DA3C6326010AC2006166E4 = {
			isa = PBXGroup;
			children = (
				86DA3C6E26010AC2006166E4 /* NewsApp */,
				86DA3C8526010AC6006166E4 /* NewsAppTests */,
				86DA3C9026010AC6006166E4 /* NewsAppUITests */,
				86DA3C6D26010AC2006166E4 /* Products */,
			);
			sourceTree = "<group>";
		};
		86DA3C6D26010AC2006166E4 /* Products */ = {
			isa = PBXGroup;
			children = (
				86DA3C6C26010AC2006166E4 /* NewsApp.app */,
				86DA3C8226010AC6006166E4 /* NewsAppTests.xctest */,
				86DA3C8D26010AC6006166E4 /* NewsAppUITests.xctest */,
			);
			name = Products;
			sourceTree = "<group>";
		};
		86DA3C6E26010AC2006166E4 /* NewsApp */ = {
			isa = PBXGroup;
			children = (
				86DA3C6F26010AC2006166E4 /* AppDelegate.swift */,
				86DA3C7126010AC2006166E4 /* SceneDelegate.swift */,
				86DA3C7326010AC2006166E4 /* ViewController.swift */,
				86DA3C7526010AC2006166E4 /* Main.storyboard */,
				86DA3C7826010AC6006166E4 /* Assets.xcassets */,
				86DA3C7A26010AC6006166E4 /* LaunchScreen.storyboard */,
				86DA3C7D26010AC6006166E4 /* Info.plist */,
			);
			path = NewsApp;
			sourceTree = "<group>";
		};
		86DA3C8526010AC6006166E4 /* NewsAppTests */ = {
			isa = PBXGroup;
			children = (
				86DA3C8626010AC6006166E4 /* NewsAppTests.swift */,
				86DA3C8826010AC6006166E4 /* Info.plist */,
			);
			path = NewsAppTests;
			sourceTree = "<group>";
		};
		86DA3C9026010AC6006166E4 /* NewsAppUITests */ = {
			isa = PBXGroup;
			children = (
				86DA3C9126010AC6006166E4 /* NewsAppUITests.swift */,
				86DA3C9326010AC6006166E4 /* Info.plist */,
			);
			path = NewsAppUITests;
			sourceTree = "<group>";
		};
/* End PBXGroup section */

/* Begin PBXNativeTarget section */
		86DA3C6B26010AC2006166E4 /* NewsApp */ = {
			isa = PBXNativeTarget;
			buildConfigurationList = 86DA3C9626010AC6006166E4 /* Build configuration list for PBXNativeTarget "NewsApp" */;
			buildPhases = (
				86DA3C6826010AC2006166E4 /* Sources */,
				86DA3C6926010AC2006166E4 /* Frameworks */,
				86DA3C6A26010AC2006166E4 /* Resources */,
			);
			buildRules = (
			);
			dependencies = (
			);
			name = NewsApp;
			productName = NewsApp;
			productReference = 86DA3C6C26010AC2006166E4 /* NewsApp.app */;
			productType = "com.apple.product-type.application";
		};
		86DA3C8126010AC6006166E4 /* NewsAppTests */ = {
			isa = PBXNativeTarget;
			buildConfigurationList = 86DA3C9926010AC6006166E4 /* Build configuration list for PBXNativeTarget "NewsAppTests" */;
			buildPhases = (
				86DA3C7E26010AC6006166E4 /* Sources */,
				86DA3C7F26010AC6006166E4 /* Frameworks */,
				86DA3C8026010AC6006166E4 /* Resources */,
			);
			buildRules = (
			);
			dependencies = (
				86DA3C8426010AC6006166E4 /* PBXTargetDependency */,
			);
			name = NewsAppTests;
			productName = NewsAppTests;
			productReference = 86DA3C8226010AC6006166E4 /* NewsAppTests.xctest */;
			productType = "com.apple.product-type.bundle.unit-test";
		};
		86DA3C8C26010AC6006166E4 /* NewsAppUITests */ = {
			isa = PBXNativeTarget;
			buildConfigurationList = 86DA3C9C26010AC6006166E4 /* Build configuration list for PBXNativeTarget "NewsAppUITests" */;
			buildPhases = (
				86DA3C8926010AC6006166E4 /* Sources */,
				86DA3C8A26010AC6006166E4 /* Frameworks */,
				86DA3C8B26010AC6006166E4 /* Resources */,
			);
			buildRules = (
			);
			dependencies = (
				86DA3C8F26010AC6006166E4 /* PBXTargetDependency */,
			);
			name = NewsAppUITests;
			productName = NewsAppUITests;
			productReference = 86DA3C8D26010AC6006166E4 /* NewsAppUITests.xctest */;
			productType = "com.apple.product-type.bundle.ui-testing";
		};
/* End PBXNativeTarget section */

/* Begin PBXProject section */
		86DA3C6426010AC2006166E4 /* Project object */ = {
			isa = PBXProject;
			attributes = {
				LastSwiftUpdateCheck = 1240;
				LastUpgradeCheck = 1240;
				TargetAttributes = {
					86DA3C6B26010AC2006166E4 = {
						CreatedOnToolsVersion = 12.4;
					};
					86DA3C8126010AC6006166E4 = {
						CreatedOnToolsVersion = 12.4;
						TestTargetID = 86DA3C6B26010AC2006166E4;
					};
					86DA3C8C26010AC6006166E4 = {
						CreatedOnToolsVersion = 12.4;
						TestTargetID = 86DA3C6B26010AC2006166E4;
					};
				};
			};
			buildConfigurationList = 86DA3C6726010AC2006166E4 /* Build configuration list for PBXProject "NewsApp" */;
			compatibilityVersion = "Xcode 9.3";
			developmentRegion = en;
			hasScannedForEncodings = 0;
			knownRegions = (
				en,
				Base,
			);
			mainGroup = 86DA3C6326010AC2006166E4;
			productRefGroup = 86DA3C6D26010AC2006166E4 /* Products */;
			projectDirPath = "";
			projectRoot = "";
			targets = (
				86DA3C6B26010AC2006166E4 /* NewsApp */,
				86DA3C8126010AC6006166E4 /* NewsAppTests */,
				86DA3C8C26010AC6006166E4 /* NewsAppUITests */,
			);
		};
/* End PBXProject section */

/* Begin PBXResourcesBuildPhase section */
		86DA3C6A26010AC2006166E4 /* Resources */ = {
			isa = PBXResourcesBuildPhase;
			buildActionMask = 2147483647;
			files = (
				86DA3C7C26010AC6006166E4 /* LaunchScreen.storyboard in Resources */,
				86DA3C7926010AC6006166E4 /* Assets.xcassets in Resources */,
				86DA3C7726010AC2006166E4 /* Main.storyboard in Resources */,
			);
			runOnlyForDeploymentPostprocessing = 0;
		};
		86DA3C8026010AC6006166E4 /* Resources */ = {
			isa = PBXResourcesBuildPhase;
			buildActionMask = 2147483647;
			files = (
			);
			runOnlyForDeploymentPostprocessing = 0;
		};
		86DA3C8B26010AC6006166E4 /* Resources */ = {
			isa = PBXResourcesBuildPhase;
			buildActionMask = 2147483647;
			files = (
			);
			runOnlyForDeploymentPostprocessing = 0;
		};
/* End PBXResourcesBuildPhase section */

/* Begin PBXSourcesBuildPhase section */
		86DA3C6826010AC2006166E4 /* Sources */ = {
			isa = PBXSourcesBuildPhase;
			buildActionMask = 2147483647;
			files = (
				86DA3C7426010AC2006166E4 /* ViewController.swift in Sources */,
				86DA3C7026010AC2006166E4 /* AppDelegate.swift in Sources */,
				86DA3C7226010AC2006166E4 /* SceneDelegate.swift in Sources */,
			);
			runOnlyForDeploymentPostprocessing = 0;
		};
		86DA3C7E26010AC6006166E4 /* Sources */ = {
			isa = PBXSourcesBuildPhase;
			buildActionMask = 2147483647;
			files = (
				86DA3C8726010AC6006166E4 /* NewsAppTests.swift in Sources */,
			);
			runOnlyForDeploymentPostprocessing = 0;
		};
		86DA3C8926010AC6006166E4 /* Sources */ = {
			isa = PBXSourcesBuildPhase;
			buildActionMask = 2147483647;
			files = (
				86DA3C9226010AC6006166E4 /* NewsAppUITests.swift in Sources */,
			);
			runOnlyForDeploymentPostprocessing = 0;
		};
/* End PBXSourcesBuildPhase section */

/* Begin PBXTargetDependency section */
		86DA3C8426010AC6006166E4 /* PBXTargetDependency */ = {
			isa = PBXTargetDependency;
			target = 86DA3C6B26010AC2006166E4 /* NewsApp */;
			targetProxy = 86DA3C8326010AC6006166E4 /* PBXContainerItemProxy */;
		};
		86DA3C8F26010AC6006166E4 /* PBXTargetDependency */ = {
			isa = PBXTargetDependency;
			target = 86DA3C6B26010AC2006166E4 /* NewsApp */;
			targetProxy = 86DA3C8E26010AC6006166E4 /* PBXContainerItemProxy */;
		};
/* End PBXTargetDependency section */

/* Begin PBXVariantGroup section */
		86DA3C7526010AC2006166E4 /* Main.storyboard */ = {
			isa = PBXVariantGroup;
			children = (
				86DA3C7626010AC2006166E4 /* Base */,
			);
			name = Main.storyboard;
			sourceTree = "<group>";
		};
		86DA3C7A26010AC6006166E4 /* LaunchScreen.storyboard */ = {
			isa = PBXVariantGroup;
			children = (
				86DA3C7B26010AC6006166E4 /* Base */,
			);
			name = LaunchScreen.storyboard;
			sourceTree = "<group>";
		};
/* End PBXVariantGroup section */

/* Begin XCBuildConfiguration section */
		86DA3C9426010AC6006166E4 /* Debug */ = {
			isa = XCBuildConfiguration;
			buildSettings = {
				ALWAYS_SEARCH_USER_PATHS = NO;
				CLANG_ANALYZER_NONNULL = YES;
				CLANG_ANALYZER_NUMBER_OBJECT_CONVERSION = YES_AGGRESSIVE;
				CLANG_CXX_LANGUAGE_STANDARD = "gnu++14";
				CLANG_CXX_LIBRARY = "libc++";
				CLANG_ENABLE_MODULES = YES;
				CLANG_ENABLE_OBJC_ARC = YES;
				CLANG_ENABLE_OBJC_WEAK = YES;
				CLANG_WARN_BLOCK_CAPTURE_AUTORELEASING = YES;
				CLANG_WARN_BOOL_CONVERSION = YES;
				CLANG_WARN_COMMA = YES;
				CLANG_WARN_CONSTANT_CONVERSION = YES;
				CLANG_WARN_DEPRECATED_OBJC_IMPLEMENTATIONS = YES;
				CLANG_WARN_DIRECT_OBJC_ISA_USAGE = YES_ERROR;
				CLANG_WARN_DOCUMENTATION_COMMENTS = YES;
				CLANG_WARN_EMPTY_BODY = YES;
				CLANG_WARN_ENUM_CONVERSION = YES;
				CLANG_WARN_INFINITE_RECURSION = YES;
				CLANG_WARN_INT_CONVERSION = YES;
				CLANG_WARN_NON_LITERAL_NULL_CONVERSION = YES;
				CLANG_WARN_OBJC_IMPLICIT_RETAIN_SELF = YES;
				CLANG_WARN_OBJC_LITERAL_CONVERSION = YES;
				CLANG_WARN_OBJC_ROOT_CLASS = YES_ERROR;
				CLANG_WARN_QUOTED_INCLUDE_IN_FRAMEWORK_HEADER = YES;
				CLANG_WARN_RANGE_LOOP_ANALYSIS = YES;
				CLANG_WARN_STRICT_PROTOTYPES = YES;
				CLANG_WARN_SUSPICIOUS_MOVE = YES;
				CLANG_WARN_UNGUARDED_AVAILABILITY = YES_AGGRESSIVE;
				CLANG_WARN_UNREACHABLE_CODE = YES;
				CLANG_WARN__DUPLICATE_METHOD_MATCH = YES;
				COPY_PHASE_STRIP = NO;
				DEBUG_INFORMATION_FORMAT = dwarf;
				ENABLE_STRICT_OBJC_MSGSEND = YES;
				ENABLE_TESTABILITY = YES;
				GCC_C_LANGUAGE_STANDARD = gnu11;
				GCC_DYNAMIC_NO_PIC = NO;
				GCC_NO_COMMON_BLOCKS = YES;
				GCC_OPTIMIZATION_LEVEL = 0;
				GCC_PREPROCESSOR_DEFINITIONS = (
					"DEBUG=1",
					"$(inherited)",
				);
				GCC_WARN_64_TO_32_BIT_CONVERSION = YES;
				GCC_WARN_ABOUT_RETURN_TYPE = YES_ERROR;
				GCC_WARN_UNDECLARED_SELECTOR = YES;
				GCC_WARN_UNINITIALIZED_AUTOS = YES_AGGRESSIVE;
				GCC_WARN_UNUSED_FUNCTION = YES;
				GCC_WARN_UNUSED_VARIABLE = YES;
				IPHONEOS_DEPLOYMENT_TARGET = 14.4;
				MTL_ENABLE_DEBUG_INFO = INCLUDE_SOURCE;
				MTL_FAST_MATH = YES;
				ONLY_ACTIVE_ARCH = YES;
				SDKROOT = iphoneos;
				SWIFT_ACTIVE_COMPILATION_CONDITIONS = DEBUG;
				SWIFT_OPTIMIZATION_LEVEL = "-Onone";
			};
			name = Debug;
		};
		86DA3C9526010AC6006166E4 /* Release */ = {
			isa = XCBuildConfiguration;
			buildSettings = {
				ALWAYS_SEARCH_USER_PATHS = NO;
				CLANG_ANALYZER_NONNULL = YES;
				CLANG_ANALYZER_NUMBER_OBJECT_CONVERSION = YES_AGGRESSIVE;
				CLANG_CXX_LANGUAGE_STANDARD = "gnu++14";
				CLANG_CXX_LIBRARY = "libc++";
				CLANG_ENABLE_MODULES = YES;
				CLANG_ENABLE_OBJC_ARC = YES;
				CLANG_ENABLE_OBJC_WEAK = YES;
				CLANG_WARN_BLOCK_CAPTURE_AUTORELEASING = YES;
				CLANG_WARN_BOOL_CONVERSION = YES;
				CLANG_WARN_COMMA = YES;
				CLANG_WARN_CONSTANT_CONVERSION = YES;
				CLANG_WARN_DEPRECATED_OBJC_IMPLEMENTATIONS = YES;
				CLANG_WARN_DIRECT_OBJC_ISA_USAGE = YES_ERROR;
				CLANG_WARN_DOCUMENTATION_COMMENTS = YES;
				CLANG_WARN_EMPTY_BODY = YES;
				CLANG_WARN_ENUM_CONVERSION = YES;
				CLANG_WARN_INFINITE_RECURSION = YES;
				CLANG_WARN_INT_CONVERSION = YES;
				CLANG_WARN_NON_LITERAL_NULL_CONVERSION = YES;
				CLANG_WARN_OBJC_IMPLICIT_RETAIN_SELF = YES;
				CLANG_WARN_OBJC_LITERAL_CONVERSION = YES;
				CLANG_WARN_OBJC_ROOT_CLASS = YES_ERROR;
				CLANG_WARN_QUOTED_INCLUDE_IN_FRAMEWORK_HEADER = YES;
				CLANG_WARN_RANGE_LOOP_ANALYSIS = YES;
				CLANG_WARN_STRICT_PROTOTYPES = YES;
				CLANG_WARN_SUSPICIOUS_MOVE = YES;
				CLANG_WARN_UNGUARDED_AVAILABILITY = YES_AGGRESSIVE;
				CLANG_WARN_UNREACHABLE_CODE = YES;
				CLANG_WARN__DUPLICATE_METHOD_MATCH = YES;
				COPY_PHASE_STRIP = NO;
				DEBUG_INFORMATION_FORMAT = "dwarf-with-dsym";
				ENABLE_NS_ASSERTIONS = NO;
				ENABLE_STRICT_OBJC_MSGSEND = YES;
				GCC_C_LANGUAGE_STANDARD = gnu11;
				GCC_NO_COMMON_BLOCKS = YES;
				GCC_WARN_64_TO_32_BIT_CONVERSION = YES;
				GCC_WARN_ABOUT_RETURN_TYPE = YES_ERROR;
				GCC_WARN_UNDECLARED_SELECTOR = YES;
				GCC_WARN_UNINITIALIZED_AUTOS = YES_AGGRESSIVE;
				GCC_WARN_UNUSED_FUNCTION = YES;
				GCC_WARN_UNUSED_VARIABLE = YES;
				IPHONEOS_DEPLOYMENT_TARGET = 14.4;
				MTL_ENABLE_DEBUG_INFO = NO;
				MTL_FAST_MATH = YES;
				SDKROOT = iphoneos;
				SWIFT_COMPILATION_MODE = wholemodule;
				SWIFT_OPTIMIZATION_LEVEL = "-O";
				VALIDATE_PRODUCT = YES;
			};
			name = Release;
		};
		86DA3C9726010AC6006166E4 /* Debug */ = {
			isa = XCBuildConfiguration;
			buildSettings = {
				ASSETCATALOG_COMPILER_APPICON_NAME = AppIcon;
				ASSETCATALOG_COMPILER_GLOBAL_ACCENT_COLOR_NAME = AccentColor;
				CODE_SIGN_STYLE = Automatic;
				DEVELOPMENT_TEAM = 23Q3TDVZ8T;
				INFOPLIST_FILE = NewsApp/Info.plist;
				LD_RUNPATH_SEARCH_PATHS = (
					"$(inherited)",
					"@executable_path/Frameworks",
				);
				PRODUCT_BUNDLE_IDENTIFIER = com.ramenpanda.NewsApp;
				PRODUCT_NAME = "$(TARGET_NAME)";
				SWIFT_VERSION = 5.0;
				TARGETED_DEVICE_FAMILY = "1,2";
			};
			name = Debug;
		};
		86DA3C9826010AC6006166E4 /* Release */ = {
			isa = XCBuildConfiguration;
			buildSettings = {
				ASSETCATALOG_COMPILER_APPICON_NAME = AppIcon;
				ASSETCATALOG_COMPILER_GLOBAL_ACCENT_COLOR_NAME = AccentColor;
				CODE_SIGN_STYLE = Automatic;
				DEVELOPMENT_TEAM = 23Q3TDVZ8T;
				INFOPLIST_FILE = NewsApp/Info.plist;
				LD_RUNPATH_SEARCH_PATHS = (
					"$(inherited)",
					"@executable_path/Frameworks",
				);
				PRODUCT_BUNDLE_IDENTIFIER = com.ramenpanda.NewsApp;
				PRODUCT_NAME = "$(TARGET_NAME)";
				SWIFT_VERSION = 5.0;
				TARGETED_DEVICE_FAMILY = "1,2";
			};
			name = Release;
		};
		86DA3C9A26010AC6006166E4 /* Debug */ = {
			isa = XCBuildConfiguration;
			buildSettings = {
				ALWAYS_EMBED_SWIFT_STANDARD_LIBRARIES = YES;
				BUNDLE_LOADER = "$(TEST_HOST)";
				CODE_SIGN_STYLE = Automatic;
				DEVELOPMENT_TEAM = 23Q3TDVZ8T;
				INFOPLIST_FILE = NewsAppTests/Info.plist;
				IPHONEOS_DEPLOYMENT_TARGET = 14.4;
				LD_RUNPATH_SEARCH_PATHS = (
					"$(inherited)",
					"@executable_path/Frameworks",
					"@loader_path/Frameworks",
				);
				PRODUCT_BUNDLE_IDENTIFIER = com.ramenpanda.NewsAppTests;
				PRODUCT_NAME = "$(TARGET_NAME)";
				SWIFT_VERSION = 5.0;
				TARGETED_DEVICE_FAMILY = "1,2";
				TEST_HOST = "$(BUILT_PRODUCTS_DIR)/NewsApp.app/NewsApp";
			};
			name = Debug;
		};
		86DA3C9B26010AC6006166E4 /* Release */ = {
			isa = XCBuildConfiguration;
			buildSettings = {
				ALWAYS_EMBED_SWIFT_STANDARD_LIBRARIES = YES;
				BUNDLE_LOADER = "$(TEST_HOST)";
				CODE_SIGN_STYLE = Automatic;
				DEVELOPMENT_TEAM = 23Q3TDVZ8T;
				INFOPLIST_FILE = NewsAppTests/Info.plist;
				IPHONEOS_DEPLOYMENT_TARGET = 14.4;
				LD_RUNPATH_SEARCH_PATHS = (
					"$(inherited)",
					"@executable_path/Frameworks",
					"@loader_path/Frameworks",
				);
				PRODUCT_BUNDLE_IDENTIFIER = com.ramenpanda.NewsAppTests;
				PRODUCT_NAME = "$(TARGET_NAME)";
				SWIFT_VERSION = 5.0;
				TARGETED_DEVICE_FAMILY = "1,2";
				TEST_HOST = "$(BUILT_PRODUCTS_DIR)/NewsApp.app/NewsApp";
			};
			name = Release;
		};
		86DA3C9D26010AC6006166E4 /* Debug */ = {
			isa = XCBuildConfiguration;
			buildSettings = {
				ALWAYS_EMBED_SWIFT_STANDARD_LIBRARIES = YES;
				CODE_SIGN_STYLE = Automatic;
				DEVELOPMENT_TEAM = 23Q3TDVZ8T;
				INFOPLIST_FILE = NewsAppUITests/Info.plist;
				LD_RUNPATH_SEARCH_PATHS = (
					"$(inherited)",
					"@executable_path/Frameworks",
					"@loader_path/Frameworks",
				);
				PRODUCT_BUNDLE_IDENTIFIER = com.ramenpanda.NewsAppUITests;
				PRODUCT_NAME = "$(TARGET_NAME)";
				SWIFT_VERSION = 5.0;
				TARGETED_DEVICE_FAMILY = "1,2";
				TEST_TARGET_NAME = NewsApp;
			};
			name = Debug;
		};
		86DA3C9E26010AC6006166E4 /* Release */ = {
			isa = XCBuildConfiguration;
			buildSettings = {
				ALWAYS_EMBED_SWIFT_STANDARD_LIBRARIES = YES;
				CODE_SIGN_STYLE = Automatic;
				DEVELOPMENT_TEAM = 23Q3TDVZ8T;
				INFOPLIST_FILE = NewsAppUITests/Info.plist;
				LD_RUNPATH_SEARCH_PATHS = (
					"$(inherited)",
					"@executable_path/Frameworks",
					"@loader_path/Frameworks",
				);
				PRODUCT_BUNDLE_IDENTIFIER = com.ramenpanda.NewsAppUITests;
				PRODUCT_NAME = "$(TARGET_NAME)";
				SWIFT_VERSION = 5.0;
				TARGETED_DEVICE_FAMILY = "1,2";
				TEST_TARGET_NAME = NewsApp;
			};
			name = Release;
		};
/* End XCBuildConfiguration section */

/* Begin XCConfigurationList section */
		86DA3C6726010AC2006166E4 /* Build configuration list for PBXProject "NewsApp" */ = {
			isa = XCConfigurationList;
			buildConfigurations = (
				86DA3C9426010AC6006166E4 /* Debug */,
				86DA3C9526010AC6006166E4 /* Release */,
			);
			defaultConfigurationIsVisible = 0;
			defaultConfigurationName = Release;
		};
		86DA3C9626010AC6006166E4 /* Build configuration list for PBXNativeTarget "NewsApp" */ = {
			isa = XCConfigurationList;
			buildConfigurations = (
				86DA3C9726010AC6006166E4 /* Debug */,
				86DA3C9826010AC6006166E4 /* Release */,
			);
			defaultConfigurationIsVisible = 0;
			defaultConfigurationName = Release;
		};
		86DA3C9926010AC6006166E4 /* Build configuration list for PBXNativeTarget "NewsAppTests" */ = {
			isa = XCConfigurationList;
			buildConfigurations = (
				86DA3C9A26010AC6006166E4 /* Debug */,
				86DA3C9B26010AC6006166E4 /* Release */,
			);
			defaultConfigurationIsVisible = 0;
			defaultConfigurationName = Release;
		};
		86DA3C9C26010AC6006166E4 /* Build configuration list for PBXNativeTarget "NewsAppUITests" */ = {
			isa = XCConfigurationList;
			buildConfigurations = (
				86DA3C9D26010AC6006166E4 /* Debug */,
				86DA3C9E26010AC6006166E4 /* Release */,
			);
			defaultConfigurationIsVisible = 0;
			defaultConfigurationName = Release;
		};
/* End XCConfigurationList section */
	};
	rootObject = 86DA3C6426010AC2006166E4 /* Project object */;
}
